# @generated by Move, please check-in and do not edit manually.

[move]
version = 3
manifest_digest = "CD11B45A27677B5A85257FAFAC2D0B94146DA48A0EC995C8C24A6A77754CD2FC"
deps_digest = "F8BBB0CCB2491CA29A3DF03D6F92277A4F3574266507ACD77214D37ECA3F3082"
dependencies = [
  { id = "Sui", name = "Sui" },
]

[[move.package]]
id = "MoveStdlib"
source = { git = "https://github.com/MystenLabs/sui.git", rev = "devnet", subdir = "crates/sui-framework/packages/move-stdlib" }

[[move.package]]
id = "Sui"
source = { git = "https://github.com/MystenLabs/sui.git", rev = "devnet", subdir = "crates/sui-framework/packages/sui-framework" }

dependencies = [
  { id = "MoveStdlib", name = "MoveStdlib" },
]

[move.toolchain-version]
compiler-version = "1.47.0"
edition = "2024.beta"
flavor = "sui"

[env]

[env.devnet]
chain-id = "f4a15ff1"
original-published-id = "0xf7ffb8e952ff79685c170843e49ddf08d3536752f826d3f93f2986e675fd0267"
latest-published-id = "0xf7ffb8e952ff79685c170843e49ddf08d3536752f826d3f93f2986e675fd0267"
published-version = "1"
